// !$*UTF8*$!
{
	archiveVersion = 1;
	classes = {
	};
	objectVersion = 55;
	objects = {

/* Begin PBXBuildFile section */
		1525487B27497030007524B0 /* Onboarding.storyboard in Resources */ = {isa = PBXBuildFile; fileRef = 1525487A27497030007524B0 /* Onboarding.storyboard */; };
		1525487D27497040007524B0 /* OnboardingVC.swift in Sources */ = {isa = PBXBuildFile; fileRef = 1525487C27497040007524B0 /* OnboardingVC.swift */; };
		1525487F2749706D007524B0 /* Community.storyboard in Resources */ = {isa = PBXBuildFile; fileRef = 1525487E2749706D007524B0 /* Community.storyboard */; };
		1525488127497079007524B0 /* CommunityVC.swift in Sources */ = {isa = PBXBuildFile; fileRef = 1525488027497079007524B0 /* CommunityVC.swift */; };
		152548842749713E007524B0 /* CommunityTVC.swift in Sources */ = {isa = PBXBuildFile; fileRef = 152548832749713E007524B0 /* CommunityTVC.swift */; };
		152548862749718B007524B0 /* ToastStepClass.swift in Sources */ = {isa = PBXBuildFile; fileRef = 152548852749718B007524B0 /* ToastStepClass.swift */; };
		1525488B274973FB007524B0 /* exampleModel.swift in Sources */ = {isa = PBXBuildFile; fileRef = 1525488A274973FB007524B0 /* exampleModel.swift */; };
		1525488D27498047007524B0 /* CommunityCVC.swift in Sources */ = {isa = PBXBuildFile; fileRef = 1525488C27498047007524B0 /* CommunityCVC.swift */; };
		15B7CCF72749030E006D34E9 /* AppDelegate.swift in Sources */ = {isa = PBXBuildFile; fileRef = 15B7CCF62749030E006D34E9 /* AppDelegate.swift */; };
		15B7CCF92749030E006D34E9 /* SceneDelegate.swift in Sources */ = {isa = PBXBuildFile; fileRef = 15B7CCF82749030E006D34E9 /* SceneDelegate.swift */; };
		15B7CCFE2749030E006D34E9 /* Main.storyboard in Resources */ = {isa = PBXBuildFile; fileRef = 15B7CCFC2749030E006D34E9 /* Main.storyboard */; };
		15B7CD0027490311006D34E9 /* Assets.xcassets in Resources */ = {isa = PBXBuildFile; fileRef = 15B7CCFF27490311006D34E9 /* Assets.xcassets */; };
		15B7CD0327490311006D34E9 /* LaunchScreen.storyboard in Resources */ = {isa = PBXBuildFile; fileRef = 15B7CD0127490311006D34E9 /* LaunchScreen.storyboard */; };
		15B7CD1D27492C00006D34E9 /* UIStackView +.swift in Sources */ = {isa = PBXBuildFile; fileRef = 15B7CD1C27492C00006D34E9 /* UIStackView +.swift */; };
		15B7CD1F27492C0C006D34E9 /* UIViewController +.swift in Sources */ = {isa = PBXBuildFile; fileRef = 15B7CD1E27492C0C006D34E9 /* UIViewController +.swift */; };
		15B7CD2127492C86006D34E9 /* UIView +.swift in Sources */ = {isa = PBXBuildFile; fileRef = 15B7CD2027492C86006D34E9 /* UIView +.swift */; };
		15B7CD2327492CC6006D34E9 /* UILabel +.swift in Sources */ = {isa = PBXBuildFile; fileRef = 15B7CD2227492CC6006D34E9 /* UILabel +.swift */; };
		4FA91F052749206E00975D40 /* APIConstants.swift in Sources */ = {isa = PBXBuildFile; fileRef = 4FA91F042749206E00975D40 /* APIConstants.swift */; };
		4FA91F072749208C00975D40 /* NetworkInfo.swift in Sources */ = {isa = PBXBuildFile; fileRef = 4FA91F062749208C00975D40 /* NetworkInfo.swift */; };
		4FA91F09274920A700975D40 /* NetworkResult.swift in Sources */ = {isa = PBXBuildFile; fileRef = 4FA91F08274920A700975D40 /* NetworkResult.swift */; };
		4FA91F0B274920C100975D40 /* RequestHandler.swift in Sources */ = {isa = PBXBuildFile; fileRef = 4FA91F0A274920C100975D40 /* RequestHandler.swift */; };
		4FA91F0D274920E800975D40 /* exampleService.swift in Sources */ = {isa = PBXBuildFile; fileRef = 4FA91F0C274920E800975D40 /* exampleService.swift */; };
		4FA91F152749948400975D40 /* ToastStepClass+Layout.swift in Sources */ = {isa = PBXBuildFile; fileRef = 4FA91F142749948400975D40 /* ToastStepClass+Layout.swift */; };
		4FA91F1B274997DC00975D40 /* Practice.storyboard in Resources */ = {isa = PBXBuildFile; fileRef = 4FA91F1A274997DC00975D40 /* Practice.storyboard */; };
		4FA91F1D2749980400975D40 /* PracticeVC.swift in Sources */ = {isa = PBXBuildFile; fileRef = 4FA91F1C2749980400975D40 /* PracticeVC.swift */; };
		4FA91F1F274999D800975D40 /* UIColor +.swift in Sources */ = {isa = PBXBuildFile; fileRef = 4FA91F1E274999D800975D40 /* UIColor +.swift */; };
		5BBAFDF127498BA0002A9213 /* MainTabBarVC.swift in Sources */ = {isa = PBXBuildFile; fileRef = 5BBAFDF027498BA0002A9213 /* MainTabBarVC.swift */; };
		5BBAFDF4274996BE002A9213 /* CompleteVC.swift in Sources */ = {isa = PBXBuildFile; fileRef = 5BBAFDF3274996BE002A9213 /* CompleteVC.swift */; };
		5BCB950BD93C130EB71B79B0 /* Pods_Client_iOS.framework in Frameworks */ = {isa = PBXBuildFile; fileRef = BDD402585B2461D94114006A /* Pods_Client_iOS.framework */; };
/* End PBXBuildFile section */

/* Begin PBXFileReference section */
		1525487A27497030007524B0 /* Onboarding.storyboard */ = {isa = PBXFileReference; lastKnownFileType = file.storyboard; path = Onboarding.storyboard; sourceTree = "<group>"; };
		1525487C27497040007524B0 /* OnboardingVC.swift */ = {isa = PBXFileReference; lastKnownFileType = sourcecode.swift; path = OnboardingVC.swift; sourceTree = "<group>"; };
		1525487E2749706D007524B0 /* Community.storyboard */ = {isa = PBXFileReference; lastKnownFileType = file.storyboard; path = Community.storyboard; sourceTree = "<group>"; };
		1525488027497079007524B0 /* CommunityVC.swift */ = {isa = PBXFileReference; lastKnownFileType = sourcecode.swift; path = CommunityVC.swift; sourceTree = "<group>"; };
		152548832749713E007524B0 /* CommunityTVC.swift */ = {isa = PBXFileReference; lastKnownFileType = sourcecode.swift; path = CommunityTVC.swift; sourceTree = "<group>"; };
		152548852749718B007524B0 /* ToastStepClass.swift */ = {isa = PBXFileReference; lastKnownFileType = sourcecode.swift; path = ToastStepClass.swift; sourceTree = "<group>"; };
		1525488A274973FB007524B0 /* exampleModel.swift */ = {isa = PBXFileReference; lastKnownFileType = sourcecode.swift; path = exampleModel.swift; sourceTree = "<group>"; };
		1525488C27498047007524B0 /* CommunityCVC.swift */ = {isa = PBXFileReference; lastKnownFileType = sourcecode.swift; path = CommunityCVC.swift; sourceTree = "<group>"; };
		15B7CCF32749030E006D34E9 /* Client-iOS.app */ = {isa = PBXFileReference; explicitFileType = wrapper.application; includeInIndex = 0; path = "Client-iOS.app"; sourceTree = BUILT_PRODUCTS_DIR; };
		15B7CCF62749030E006D34E9 /* AppDelegate.swift */ = {isa = PBXFileReference; lastKnownFileType = sourcecode.swift; path = AppDelegate.swift; sourceTree = "<group>"; };
		15B7CCF82749030E006D34E9 /* SceneDelegate.swift */ = {isa = PBXFileReference; lastKnownFileType = sourcecode.swift; path = SceneDelegate.swift; sourceTree = "<group>"; };
		15B7CCFD2749030E006D34E9 /* Base */ = {isa = PBXFileReference; lastKnownFileType = file.storyboard; name = Base; path = Base.lproj/Main.storyboard; sourceTree = "<group>"; };
		15B7CCFF27490311006D34E9 /* Assets.xcassets */ = {isa = PBXFileReference; lastKnownFileType = folder.assetcatalog; path = Assets.xcassets; sourceTree = "<group>"; };
		15B7CD0227490311006D34E9 /* Base */ = {isa = PBXFileReference; lastKnownFileType = file.storyboard; name = Base; path = Base.lproj/LaunchScreen.storyboard; sourceTree = "<group>"; };
		15B7CD0427490311006D34E9 /* Info.plist */ = {isa = PBXFileReference; lastKnownFileType = text.plist.xml; path = Info.plist; sourceTree = "<group>"; };
		15B7CD1C27492C00006D34E9 /* UIStackView +.swift */ = {isa = PBXFileReference; lastKnownFileType = sourcecode.swift; path = "UIStackView +.swift"; sourceTree = "<group>"; };
		15B7CD1E27492C0C006D34E9 /* UIViewController +.swift */ = {isa = PBXFileReference; lastKnownFileType = sourcecode.swift; path = "UIViewController +.swift"; sourceTree = "<group>"; };
		15B7CD2027492C86006D34E9 /* UIView +.swift */ = {isa = PBXFileReference; lastKnownFileType = sourcecode.swift; path = "UIView +.swift"; sourceTree = "<group>"; };
		15B7CD2227492CC6006D34E9 /* UILabel +.swift */ = {isa = PBXFileReference; lastKnownFileType = sourcecode.swift; path = "UILabel +.swift"; sourceTree = "<group>"; };
		4FA91F042749206E00975D40 /* APIConstants.swift */ = {isa = PBXFileReference; lastKnownFileType = sourcecode.swift; path = APIConstants.swift; sourceTree = "<group>"; };
		4FA91F062749208C00975D40 /* NetworkInfo.swift */ = {isa = PBXFileReference; lastKnownFileType = sourcecode.swift; path = NetworkInfo.swift; sourceTree = "<group>"; };
		4FA91F08274920A700975D40 /* NetworkResult.swift */ = {isa = PBXFileReference; lastKnownFileType = sourcecode.swift; path = NetworkResult.swift; sourceTree = "<group>"; };
		4FA91F0A274920C100975D40 /* RequestHandler.swift */ = {isa = PBXFileReference; lastKnownFileType = sourcecode.swift; path = RequestHandler.swift; sourceTree = "<group>"; };
		4FA91F0C274920E800975D40 /* exampleService.swift */ = {isa = PBXFileReference; lastKnownFileType = sourcecode.swift; path = exampleService.swift; sourceTree = "<group>"; };
		4FA91F142749948400975D40 /* ToastStepClass+Layout.swift */ = {isa = PBXFileReference; lastKnownFileType = sourcecode.swift; path = "ToastStepClass+Layout.swift"; sourceTree = "<group>"; };
		4FA91F1A274997DC00975D40 /* Practice.storyboard */ = {isa = PBXFileReference; lastKnownFileType = file.storyboard; path = Practice.storyboard; sourceTree = "<group>"; };
		4FA91F1C2749980400975D40 /* PracticeVC.swift */ = {isa = PBXFileReference; lastKnownFileType = sourcecode.swift; path = PracticeVC.swift; sourceTree = "<group>"; };
		4FA91F1E274999D800975D40 /* UIColor +.swift */ = {isa = PBXFileReference; lastKnownFileType = sourcecode.swift; path = "UIColor +.swift"; sourceTree = "<group>"; };
		5BBAFDF027498BA0002A9213 /* MainTabBarVC.swift */ = {isa = PBXFileReference; lastKnownFileType = sourcecode.swift; path = MainTabBarVC.swift; sourceTree = "<group>"; };
		5BBAFDF3274996BE002A9213 /* CompleteVC.swift */ = {isa = PBXFileReference; lastKnownFileType = sourcecode.swift; path = CompleteVC.swift; sourceTree = "<group>"; };
		6426ECA01FE26AB12DB91343 /* Pods-Client-iOS.release.xcconfig */ = {isa = PBXFileReference; includeInIndex = 1; lastKnownFileType = text.xcconfig; name = "Pods-Client-iOS.release.xcconfig"; path = "Target Support Files/Pods-Client-iOS/Pods-Client-iOS.release.xcconfig"; sourceTree = "<group>"; };
		A774B6B339DEEC8D655419E3 /* Pods-Client-iOS.debug.xcconfig */ = {isa = PBXFileReference; includeInIndex = 1; lastKnownFileType = text.xcconfig; name = "Pods-Client-iOS.debug.xcconfig"; path = "Target Support Files/Pods-Client-iOS/Pods-Client-iOS.debug.xcconfig"; sourceTree = "<group>"; };
		BDD402585B2461D94114006A /* Pods_Client_iOS.framework */ = {isa = PBXFileReference; explicitFileType = wrapper.framework; includeInIndex = 0; path = Pods_Client_iOS.framework; sourceTree = BUILT_PRODUCTS_DIR; };
/* End PBXFileReference section */

/* Begin PBXFrameworksBuildPhase section */
		15B7CCF02749030E006D34E9 /* Frameworks */ = {
			isa = PBXFrameworksBuildPhase;
			buildActionMask = 2147483647;
			files = (
				5BCB950BD93C130EB71B79B0 /* Pods_Client_iOS.framework in Frameworks */,
			);
			runOnlyForDeploymentPostprocessing = 0;
		};
/* End PBXFrameworksBuildPhase section */

/* Begin PBXGroup section */
		1525487627496FAA007524B0 /* Source */ = {
			isa = PBXGroup;
			children = (
				15B7CCFC2749030E006D34E9 /* Main.storyboard */,
				5BBAFDF027498BA0002A9213 /* MainTabBarVC.swift */,
				1525487927497015007524B0 /* Community */,
				152548782749700A007524B0 /* ToastStep */,
				1525487727496FFE007524B0 /* Onboarding */,
				5BBAFDF22749966E002A9213 /* Complete */,
			);
			path = Source;
			sourceTree = "<group>";
		};
		1525487727496FFE007524B0 /* Onboarding */ = {
			isa = PBXGroup;
			children = (
				1525487A27497030007524B0 /* Onboarding.storyboard */,
				1525487C27497040007524B0 /* OnboardingVC.swift */,
			);
			path = Onboarding;
			sourceTree = "<group>";
		};
		152548782749700A007524B0 /* ToastStep */ = {
			isa = PBXGroup;
			children = (
				152548852749718B007524B0 /* ToastStepClass.swift */,
				4FA91F142749948400975D40 /* ToastStepClass+Layout.swift */,
				4FA91F1A274997DC00975D40 /* Practice.storyboard */,
				4FA91F1C2749980400975D40 /* PracticeVC.swift */,
			);
			path = ToastStep;
			sourceTree = "<group>";
		};
		1525487927497015007524B0 /* Community */ = {
			isa = PBXGroup;
			children = (
				1525487E2749706D007524B0 /* Community.storyboard */,
				1525488027497079007524B0 /* CommunityVC.swift */,
				1525488227497122007524B0 /* Cell */,
			);
			path = Community;
			sourceTree = "<group>";
		};
		1525488227497122007524B0 /* Cell */ = {
			isa = PBXGroup;
			children = (
				152548832749713E007524B0 /* CommunityTVC.swift */,
				1525488C27498047007524B0 /* CommunityCVC.swift */,
			);
			path = Cell;
			sourceTree = "<group>";
		};
		1525488927497220007524B0 /* Model */ = {
			isa = PBXGroup;
			children = (
				1525488A274973FB007524B0 /* exampleModel.swift */,
			);
			path = Model;
			sourceTree = "<group>";
		};
		15B7CCEA2749030E006D34E9 = {
			isa = PBXGroup;
			children = (
				15B7CCF52749030E006D34E9 /* Client-iOS */,
				15B7CCF42749030E006D34E9 /* Products */,
				903495D5B2009FB0C6887F4F /* Pods */,
				E3B130B952D5ED13755D743F /* Frameworks */,
			);
			sourceTree = "<group>";
		};
		15B7CCF42749030E006D34E9 /* Products */ = {
			isa = PBXGroup;
			children = (
				15B7CCF32749030E006D34E9 /* Client-iOS.app */,
			);
			name = Products;
			sourceTree = "<group>";
		};
		15B7CCF52749030E006D34E9 /* Client-iOS */ = {
			isa = PBXGroup;
			children = (
				15B7CD1A27492BD8006D34E9 /* Configuration */,
				4FA91F002749203800975D40 /* Network */,
				1525487627496FAA007524B0 /* Source */,
				15B7CCF62749030E006D34E9 /* AppDelegate.swift */,
				15B7CCF82749030E006D34E9 /* SceneDelegate.swift */,
				15B7CCFF27490311006D34E9 /* Assets.xcassets */,
				15B7CD0127490311006D34E9 /* LaunchScreen.storyboard */,
				15B7CD0427490311006D34E9 /* Info.plist */,
			);
			path = "Client-iOS";
			sourceTree = "<group>";
		};
		15B7CD1A27492BD8006D34E9 /* Configuration */ = {
			isa = PBXGroup;
			children = (
				15B7CD1B27492BE1006D34E9 /* Extension */,
			);
			path = Configuration;
			sourceTree = "<group>";
		};
		15B7CD1B27492BE1006D34E9 /* Extension */ = {
			isa = PBXGroup;
			children = (
				15B7CD1C27492C00006D34E9 /* UIStackView +.swift */,
				15B7CD1E27492C0C006D34E9 /* UIViewController +.swift */,
				15B7CD2027492C86006D34E9 /* UIView +.swift */,
				15B7CD2227492CC6006D34E9 /* UILabel +.swift */,
				4FA91F1E274999D800975D40 /* UIColor +.swift */,
			);
			path = Extension;
			sourceTree = "<group>";
		};
		4FA91F002749203800975D40 /* Network */ = {
			isa = PBXGroup;
			children = (
				1525488927497220007524B0 /* Model */,
				4FA91F022749204700975D40 /* Service */,
				4FA91F012749204000975D40 /* Handler */,
			);
			path = Network;
			sourceTree = "<group>";
		};
		4FA91F012749204000975D40 /* Handler */ = {
			isa = PBXGroup;
			children = (
				4FA91F042749206E00975D40 /* APIConstants.swift */,
				4FA91F062749208C00975D40 /* NetworkInfo.swift */,
				4FA91F08274920A700975D40 /* NetworkResult.swift */,
				4FA91F0A274920C100975D40 /* RequestHandler.swift */,
			);
			path = Handler;
			sourceTree = "<group>";
		};
		4FA91F022749204700975D40 /* Service */ = {
			isa = PBXGroup;
			children = (
				4FA91F0C274920E800975D40 /* exampleService.swift */,
			);
			path = Service;
			sourceTree = "<group>";
		};
		5BBAFDF22749966E002A9213 /* Complete */ = {
			isa = PBXGroup;
			children = (
				5BBAFDF3274996BE002A9213 /* CompleteVC.swift */,
			);
			path = Complete;
			sourceTree = "<group>";
		};
		903495D5B2009FB0C6887F4F /* Pods */ = {
			isa = PBXGroup;
			children = (
				A774B6B339DEEC8D655419E3 /* Pods-Client-iOS.debug.xcconfig */,
				6426ECA01FE26AB12DB91343 /* Pods-Client-iOS.release.xcconfig */,
			);
			path = Pods;
			sourceTree = "<group>";
		};
		E3B130B952D5ED13755D743F /* Frameworks */ = {
			isa = PBXGroup;
			children = (
				BDD402585B2461D94114006A /* Pods_Client_iOS.framework */,
			);
			name = Frameworks;
			sourceTree = "<group>";
		};
/* End PBXGroup section */

/* Begin PBXNativeTarget section */
		15B7CCF22749030E006D34E9 /* Client-iOS */ = {
			isa = PBXNativeTarget;
			buildConfigurationList = 15B7CD0727490311006D34E9 /* Build configuration list for PBXNativeTarget "Client-iOS" */;
			buildPhases = (
				D27D44CF6AA8F0FD36AA0A03 /* [CP] Check Pods Manifest.lock */,
				15B7CCEF2749030E006D34E9 /* Sources */,
				15B7CCF02749030E006D34E9 /* Frameworks */,
				15B7CCF12749030E006D34E9 /* Resources */,
				050EF246043185DC7B360B12 /* [CP] Embed Pods Frameworks */,
			);
			buildRules = (
			);
			dependencies = (
			);
			name = "Client-iOS";
			productName = "Client-iOS";
			productReference = 15B7CCF32749030E006D34E9 /* Client-iOS.app */;
			productType = "com.apple.product-type.application";
		};
/* End PBXNativeTarget section */

/* Begin PBXProject section */
		15B7CCEB2749030E006D34E9 /* Project object */ = {
			isa = PBXProject;
			attributes = {
				BuildIndependentTargetsInParallel = 1;
				LastSwiftUpdateCheck = 1310;
				LastUpgradeCheck = 1310;
				TargetAttributes = {
					15B7CCF22749030E006D34E9 = {
						CreatedOnToolsVersion = 13.1;
					};
				};
			};
			buildConfigurationList = 15B7CCEE2749030E006D34E9 /* Build configuration list for PBXProject "Client-iOS" */;
			compatibilityVersion = "Xcode 13.0";
			developmentRegion = en;
			hasScannedForEncodings = 0;
			knownRegions = (
				en,
				Base,
			);
			mainGroup = 15B7CCEA2749030E006D34E9;
			productRefGroup = 15B7CCF42749030E006D34E9 /* Products */;
			projectDirPath = "";
			projectRoot = "";
			targets = (
				15B7CCF22749030E006D34E9 /* Client-iOS */,
			);
		};
/* End PBXProject section */

/* Begin PBXResourcesBuildPhase section */
		15B7CCF12749030E006D34E9 /* Resources */ = {
			isa = PBXResourcesBuildPhase;
			buildActionMask = 2147483647;
			files = (
				15B7CD0327490311006D34E9 /* LaunchScreen.storyboard in Resources */,
				15B7CD0027490311006D34E9 /* Assets.xcassets in Resources */,
				15B7CCFE2749030E006D34E9 /* Main.storyboard in Resources */,
				4FA91F1B274997DC00975D40 /* Practice.storyboard in Resources */,
				1525487F2749706D007524B0 /* Community.storyboard in Resources */,
				1525487B27497030007524B0 /* Onboarding.storyboard in Resources */,
			);
			runOnlyForDeploymentPostprocessing = 0;
		};
/* End PBXResourcesBuildPhase section */

/* Begin PBXShellScriptBuildPhase section */
		050EF246043185DC7B360B12 /* [CP] Embed Pods Frameworks */ = {
			isa = PBXShellScriptBuildPhase;
			buildActionMask = 2147483647;
			files = (
			);
			inputFileListPaths = (
				"${PODS_ROOT}/Target Support Files/Pods-Client-iOS/Pods-Client-iOS-frameworks-${CONFIGURATION}-input-files.xcfilelist",
			);
			name = "[CP] Embed Pods Frameworks";
			outputFileListPaths = (
				"${PODS_ROOT}/Target Support Files/Pods-Client-iOS/Pods-Client-iOS-frameworks-${CONFIGURATION}-output-files.xcfilelist",
			);
			runOnlyForDeploymentPostprocessing = 0;
			shellPath = /bin/sh;
			shellScript = "\"${PODS_ROOT}/Target Support Files/Pods-Client-iOS/Pods-Client-iOS-frameworks.sh\"\n";
			showEnvVarsInLog = 0;
		};
		D27D44CF6AA8F0FD36AA0A03 /* [CP] Check Pods Manifest.lock */ = {
			isa = PBXShellScriptBuildPhase;
			buildActionMask = 2147483647;
			files = (
			);
			inputFileListPaths = (
			);
			inputPaths = (
				"${PODS_PODFILE_DIR_PATH}/Podfile.lock",
				"${PODS_ROOT}/Manifest.lock",
			);
			name = "[CP] Check Pods Manifest.lock";
			outputFileListPaths = (
			);
			outputPaths = (
				"$(DERIVED_FILE_DIR)/Pods-Client-iOS-checkManifestLockResult.txt",
			);
			runOnlyForDeploymentPostprocessing = 0;
			shellPath = /bin/sh;
			shellScript = "diff \"${PODS_PODFILE_DIR_PATH}/Podfile.lock\" \"${PODS_ROOT}/Manifest.lock\" > /dev/null\nif [ $? != 0 ] ; then\n    # print error to STDERR\n    echo \"error: The sandbox is not in sync with the Podfile.lock. Run 'pod install' or update your CocoaPods installation.\" >&2\n    exit 1\nfi\n# This output is used by Xcode 'outputs' to avoid re-running this script phase.\necho \"SUCCESS\" > \"${SCRIPT_OUTPUT_FILE_0}\"\n";
			showEnvVarsInLog = 0;
		};
/* End PBXShellScriptBuildPhase section */

/* Begin PBXSourcesBuildPhase section */
		15B7CCEF2749030E006D34E9 /* Sources */ = {
			isa = PBXSourcesBuildPhase;
			buildActionMask = 2147483647;
			files = (
				15B7CD1D27492C00006D34E9 /* UIStackView +.swift in Sources */,
				1525487D27497040007524B0 /* OnboardingVC.swift in Sources */,
				4FA91F0B274920C100975D40 /* RequestHandler.swift in Sources */,
				4FA91F072749208C00975D40 /* NetworkInfo.swift in Sources */,
				4FA91F052749206E00975D40 /* APIConstants.swift in Sources */,
				1525488D27498047007524B0 /* CommunityCVC.swift in Sources */,
				4FA91F0D274920E800975D40 /* exampleService.swift in Sources */,
				4FA91F1F274999D800975D40 /* UIColor +.swift in Sources */,
				4FA91F09274920A700975D40 /* NetworkResult.swift in Sources */,
				15B7CD1F27492C0C006D34E9 /* UIViewController +.swift in Sources */,
				1525488127497079007524B0 /* CommunityVC.swift in Sources */,
				4FA91F1D2749980400975D40 /* PracticeVC.swift in Sources */,
				15B7CCF72749030E006D34E9 /* AppDelegate.swift in Sources */,
				1525488B274973FB007524B0 /* exampleModel.swift in Sources */,
				152548862749718B007524B0 /* ToastStepClass.swift in Sources */,
				5BBAFDF127498BA0002A9213 /* MainTabBarVC.swift in Sources */,
				15B7CCF92749030E006D34E9 /* SceneDelegate.swift in Sources */,
				4FA91F152749948400975D40 /* ToastStepClass+Layout.swift in Sources */,
				15B7CD2127492C86006D34E9 /* UIView +.swift in Sources */,
				5BBAFDF4274996BE002A9213 /* CompleteVC.swift in Sources */,
				15B7CD2327492CC6006D34E9 /* UILabel +.swift in Sources */,
				152548842749713E007524B0 /* CommunityTVC.swift in Sources */,
			);
			runOnlyForDeploymentPostprocessing = 0;
		};
/* End PBXSourcesBuildPhase section */

/* Begin PBXVariantGroup section */
		15B7CCFC2749030E006D34E9 /* Main.storyboard */ = {
			isa = PBXVariantGroup;
			children = (
				15B7CCFD2749030E006D34E9 /* Base */,
			);
			name = Main.storyboard;
			sourceTree = "<group>";
		};
		15B7CD0127490311006D34E9 /* LaunchScreen.storyboard */ = {
			isa = PBXVariantGroup;
			children = (
				15B7CD0227490311006D34E9 /* Base */,
			);
			name = LaunchScreen.storyboard;
			sourceTree = "<group>";
		};
/* End PBXVariantGroup section */

/* Begin XCBuildConfiguration section */
		15B7CD0527490311006D34E9 /* Debug */ = {
			isa = XCBuildConfiguration;
			buildSettings = {
				ALWAYS_SEARCH_USER_PATHS = NO;
				CLANG_ANALYZER_NONNULL = YES;
				CLANG_ANALYZER_NUMBER_OBJECT_CONVERSION = YES_AGGRESSIVE;
				CLANG_CXX_LANGUAGE_STANDARD = "gnu++17";
				CLANG_CXX_LIBRARY = "libc++";
				CLANG_ENABLE_MODULES = YES;
				CLANG_ENABLE_OBJC_ARC = YES;
				CLANG_ENABLE_OBJC_WEAK = YES;
				CLANG_WARN_BLOCK_CAPTURE_AUTORELEASING = YES;
				CLANG_WARN_BOOL_CONVERSION = YES;
				CLANG_WARN_COMMA = YES;
				CLANG_WARN_CONSTANT_CONVERSION = YES;
				CLANG_WARN_DEPRECATED_OBJC_IMPLEMENTATIONS = YES;
				CLANG_WARN_DIRECT_OBJC_ISA_USAGE = YES_ERROR;
				CLANG_WARN_DOCUMENTATION_COMMENTS = YES;
				CLANG_WARN_EMPTY_BODY = YES;
				CLANG_WARN_ENUM_CONVERSION = YES;
				CLANG_WARN_INFINITE_RECURSION = YES;
				CLANG_WARN_INT_CONVERSION = YES;
				CLANG_WARN_NON_LITERAL_NULL_CONVERSION = YES;
				CLANG_WARN_OBJC_IMPLICIT_RETAIN_SELF = YES;
				CLANG_WARN_OBJC_LITERAL_CONVERSION = YES;
				CLANG_WARN_OBJC_ROOT_CLASS = YES_ERROR;
				CLANG_WARN_QUOTED_INCLUDE_IN_FRAMEWORK_HEADER = YES;
				CLANG_WARN_RANGE_LOOP_ANALYSIS = YES;
				CLANG_WARN_STRICT_PROTOTYPES = YES;
				CLANG_WARN_SUSPICIOUS_MOVE = YES;
				CLANG_WARN_UNGUARDED_AVAILABILITY = YES_AGGRESSIVE;
				CLANG_WARN_UNREACHABLE_CODE = YES;
				CLANG_WARN__DUPLICATE_METHOD_MATCH = YES;
				COPY_PHASE_STRIP = NO;
				DEBUG_INFORMATION_FORMAT = dwarf;
				ENABLE_STRICT_OBJC_MSGSEND = YES;
				ENABLE_TESTABILITY = YES;
				GCC_C_LANGUAGE_STANDARD = gnu11;
				GCC_DYNAMIC_NO_PIC = NO;
				GCC_NO_COMMON_BLOCKS = YES;
				GCC_OPTIMIZATION_LEVEL = 0;
				GCC_PREPROCESSOR_DEFINITIONS = (
					"DEBUG=1",
					"$(inherited)",
				);
				GCC_WARN_64_TO_32_BIT_CONVERSION = YES;
				GCC_WARN_ABOUT_RETURN_TYPE = YES_ERROR;
				GCC_WARN_UNDECLARED_SELECTOR = YES;
				GCC_WARN_UNINITIALIZED_AUTOS = YES_AGGRESSIVE;
				GCC_WARN_UNUSED_FUNCTION = YES;
				GCC_WARN_UNUSED_VARIABLE = YES;
				IPHONEOS_DEPLOYMENT_TARGET = 15.0;
				MTL_ENABLE_DEBUG_INFO = INCLUDE_SOURCE;
				MTL_FAST_MATH = YES;
				ONLY_ACTIVE_ARCH = YES;
				SDKROOT = iphoneos;
				SWIFT_ACTIVE_COMPILATION_CONDITIONS = DEBUG;
				SWIFT_OPTIMIZATION_LEVEL = "-Onone";
			};
			name = Debug;
		};
		15B7CD0627490311006D34E9 /* Release */ = {
			isa = XCBuildConfiguration;
			buildSettings = {
				ALWAYS_SEARCH_USER_PATHS = NO;
				CLANG_ANALYZER_NONNULL = YES;
				CLANG_ANALYZER_NUMBER_OBJECT_CONVERSION = YES_AGGRESSIVE;
				CLANG_CXX_LANGUAGE_STANDARD = "gnu++17";
				CLANG_CXX_LIBRARY = "libc++";
				CLANG_ENABLE_MODULES = YES;
				CLANG_ENABLE_OBJC_ARC = YES;
				CLANG_ENABLE_OBJC_WEAK = YES;
				CLANG_WARN_BLOCK_CAPTURE_AUTORELEASING = YES;
				CLANG_WARN_BOOL_CONVERSION = YES;
				CLANG_WARN_COMMA = YES;
				CLANG_WARN_CONSTANT_CONVERSION = YES;
				CLANG_WARN_DEPRECATED_OBJC_IMPLEMENTATIONS = YES;
				CLANG_WARN_DIRECT_OBJC_ISA_USAGE = YES_ERROR;
				CLANG_WARN_DOCUMENTATION_COMMENTS = YES;
				CLANG_WARN_EMPTY_BODY = YES;
				CLANG_WARN_ENUM_CONVERSION = YES;
				CLANG_WARN_INFINITE_RECURSION = YES;
				CLANG_WARN_INT_CONVERSION = YES;
				CLANG_WARN_NON_LITERAL_NULL_CONVERSION = YES;
				CLANG_WARN_OBJC_IMPLICIT_RETAIN_SELF = YES;
				CLANG_WARN_OBJC_LITERAL_CONVERSION = YES;
				CLANG_WARN_OBJC_ROOT_CLASS = YES_ERROR;
				CLANG_WARN_QUOTED_INCLUDE_IN_FRAMEWORK_HEADER = YES;
				CLANG_WARN_RANGE_LOOP_ANALYSIS = YES;
				CLANG_WARN_STRICT_PROTOTYPES = YES;
				CLANG_WARN_SUSPICIOUS_MOVE = YES;
				CLANG_WARN_UNGUARDED_AVAILABILITY = YES_AGGRESSIVE;
				CLANG_WARN_UNREACHABLE_CODE = YES;
				CLANG_WARN__DUPLICATE_METHOD_MATCH = YES;
				COPY_PHASE_STRIP = NO;
				DEBUG_INFORMATION_FORMAT = "dwarf-with-dsym";
				ENABLE_NS_ASSERTIONS = NO;
				ENABLE_STRICT_OBJC_MSGSEND = YES;
				GCC_C_LANGUAGE_STANDARD = gnu11;
				GCC_NO_COMMON_BLOCKS = YES;
				GCC_WARN_64_TO_32_BIT_CONVERSION = YES;
				GCC_WARN_ABOUT_RETURN_TYPE = YES_ERROR;
				GCC_WARN_UNDECLARED_SELECTOR = YES;
				GCC_WARN_UNINITIALIZED_AUTOS = YES_AGGRESSIVE;
				GCC_WARN_UNUSED_FUNCTION = YES;
				GCC_WARN_UNUSED_VARIABLE = YES;
				IPHONEOS_DEPLOYMENT_TARGET = 15.0;
				MTL_ENABLE_DEBUG_INFO = NO;
				MTL_FAST_MATH = YES;
				SDKROOT = iphoneos;
				SWIFT_COMPILATION_MODE = wholemodule;
				SWIFT_OPTIMIZATION_LEVEL = "-O";
				VALIDATE_PRODUCT = YES;
			};
			name = Release;
		};
		15B7CD0827490311006D34E9 /* Debug */ = {
			isa = XCBuildConfiguration;
			baseConfigurationReference = A774B6B339DEEC8D655419E3 /* Pods-Client-iOS.debug.xcconfig */;
			buildSettings = {
				ASSETCATALOG_COMPILER_APPICON_NAME = AppIcon;
				ASSETCATALOG_COMPILER_GLOBAL_ACCENT_COLOR_NAME = AccentColor;
				CODE_SIGN_STYLE = Automatic;
				CURRENT_PROJECT_VERSION = 1;
				GENERATE_INFOPLIST_FILE = YES;
				INFOPLIST_FILE = "Client-iOS/Info.plist";
				INFOPLIST_KEY_UIApplicationSupportsIndirectInputEvents = YES;
				INFOPLIST_KEY_UILaunchStoryboardName = LaunchScreen;
				INFOPLIST_KEY_UIMainStoryboardFile = Main;
				INFOPLIST_KEY_UISupportedInterfaceOrientations_iPad = "UIInterfaceOrientationPortrait UIInterfaceOrientationPortraitUpsideDown UIInterfaceOrientationLandscapeLeft UIInterfaceOrientationLandscapeRight";
				INFOPLIST_KEY_UISupportedInterfaceOrientations_iPhone = "UIInterfaceOrientationPortrait UIInterfaceOrientationLandscapeLeft UIInterfaceOrientationLandscapeRight";
				LD_RUNPATH_SEARCH_PATHS = (
					"$(inherited)",
					"@executable_path/Frameworks",
				);
				MARKETING_VERSION = 1.0;
				PRODUCT_BUNDLE_IDENTIFIER = "kimhyesu.Client-iOS";
				PRODUCT_NAME = "$(TARGET_NAME)";
				SWIFT_EMIT_LOC_STRINGS = YES;
				SWIFT_VERSION = 5.0;
				TARGETED_DEVICE_FAMILY = "1,2";
			};
			name = Debug;
		};
		15B7CD0927490311006D34E9 /* Release */ = {
			isa = XCBuildConfiguration;
			baseConfigurationReference = 6426ECA01FE26AB12DB91343 /* Pods-Client-iOS.release.xcconfig */;
			buildSettings = {
				ASSETCATALOG_COMPILER_APPICON_NAME = AppIcon;
				ASSETCATALOG_COMPILER_GLOBAL_ACCENT_COLOR_NAME = AccentColor;
				CODE_SIGN_STYLE = Automatic;
				CURRENT_PROJECT_VERSION = 1;
				GENERATE_INFOPLIST_FILE = YES;
				INFOPLIST_FILE = "Client-iOS/Info.plist";
				INFOPLIST_KEY_UIApplicationSupportsIndirectInputEvents = YES;
				INFOPLIST_KEY_UILaunchStoryboardName = LaunchScreen;
				INFOPLIST_KEY_UIMainStoryboardFile = Main;
				INFOPLIST_KEY_UISupportedInterfaceOrientations_iPad = "UIInterfaceOrientationPortrait UIInterfaceOrientationPortraitUpsideDown UIInterfaceOrientationLandscapeLeft UIInterfaceOrientationLandscapeRight";
				INFOPLIST_KEY_UISupportedInterfaceOrientations_iPhone = "UIInterfaceOrientationPortrait UIInterfaceOrientationLandscapeLeft UIInterfaceOrientationLandscapeRight";
				LD_RUNPATH_SEARCH_PATHS = (
					"$(inherited)",
					"@executable_path/Frameworks",
				);
				MARKETING_VERSION = 1.0;
				PRODUCT_BUNDLE_IDENTIFIER = "kimhyesu.Client-iOS";
				PRODUCT_NAME = "$(TARGET_NAME)";
				SWIFT_EMIT_LOC_STRINGS = YES;
				SWIFT_VERSION = 5.0;
				TARGETED_DEVICE_FAMILY = "1,2";
			};
			name = Release;
		};
/* End XCBuildConfiguration section */

/* Begin XCConfigurationList section */
		15B7CCEE2749030E006D34E9 /* Build configuration list for PBXProject "Client-iOS" */ = {
			isa = XCConfigurationList;
			buildConfigurations = (
				15B7CD0527490311006D34E9 /* Debug */,
				15B7CD0627490311006D34E9 /* Release */,
			);
			defaultConfigurationIsVisible = 0;
			defaultConfigurationName = Release;
		};
		15B7CD0727490311006D34E9 /* Build configuration list for PBXNativeTarget "Client-iOS" */ = {
			isa = XCConfigurationList;
			buildConfigurations = (
				15B7CD0827490311006D34E9 /* Debug */,
				15B7CD0927490311006D34E9 /* Release */,
			);
			defaultConfigurationIsVisible = 0;
			defaultConfigurationName = Release;
		};
/* End XCConfigurationList section */
	};
	rootObject = 15B7CCEB2749030E006D34E9 /* Project object */;
}
